// !$*UTF8*$!
{
	archiveVersion = 1;
	classes = {
	};
	objectVersion = 55;
	objects = {

/* Begin PBXBuildFile section */
		C004D02028EE3E9E0098D7C8 /* RegisterViewController.swift in Sources */ = {isa = PBXBuildFile; fileRef = C004D01E28EE3E9E0098D7C8 /* RegisterViewController.swift */; };
		C004D02128EE3E9E0098D7C8 /* RegisterViewController.xib in Resources */ = {isa = PBXBuildFile; fileRef = C004D01F28EE3E9E0098D7C8 /* RegisterViewController.xib */; };
		C004D02428EE434D0098D7C8 /* ForgotPasswordViewController.swift in Sources */ = {isa = PBXBuildFile; fileRef = C004D02228EE434D0098D7C8 /* ForgotPasswordViewController.swift */; };
		C004D02528EE434D0098D7C8 /* ForgotPasswordViewController.xib in Resources */ = {isa = PBXBuildFile; fileRef = C004D02328EE434D0098D7C8 /* ForgotPasswordViewController.xib */; };
		C004D02C28EE50070098D7C8 /* ProfileViewController.swift in Sources */ = {isa = PBXBuildFile; fileRef = C004D02A28EE50070098D7C8 /* ProfileViewController.swift */; };
		C006DAF728EE368E0046CCC7 /* LoginViewController.swift in Sources */ = {isa = PBXBuildFile; fileRef = C006DAF528EE368E0046CCC7 /* LoginViewController.swift */; };
		C006DAF828EE368E0046CCC7 /* LoginViewController.xib in Resources */ = {isa = PBXBuildFile; fileRef = C006DAF628EE368E0046CCC7 /* LoginViewController.xib */; };
		C01B39D728F1857D005C10C8 /* Extensions.swift in Sources */ = {isa = PBXBuildFile; fileRef = C01B39D628F1857D005C10C8 /* Extensions.swift */; };
		C02ADE3C28F192AE005EF9CF /* Refrence.swift in Sources */ = {isa = PBXBuildFile; fileRef = C02ADE3B28F192AE005EF9CF /* Refrence.swift */; };
		C02ADE3E28F1933B005EF9CF /* FUser.swift in Sources */ = {isa = PBXBuildFile; fileRef = C02ADE3D28F1933B005EF9CF /* FUser.swift */; };
		C03167EC28E7597D00CDA12D /* ApiCaller.swift in Sources */ = {isa = PBXBuildFile; fileRef = C03167EB28E7597D00CDA12D /* ApiCaller.swift */; };
		C0348CA328F21B5B0037BABD /* ProfileTableViewCell.swift in Sources */ = {isa = PBXBuildFile; fileRef = C0348CA128F21B5B0037BABD /* ProfileTableViewCell.swift */; };
		C0348CA428F21B5B0037BABD /* ProfileTableViewCell.xib in Resources */ = {isa = PBXBuildFile; fileRef = C0348CA228F21B5B0037BABD /* ProfileTableViewCell.xib */; };
		C04066DB28E5A68700DCA0AE /* AppDelegate.swift in Sources */ = {isa = PBXBuildFile; fileRef = C04066DA28E5A68700DCA0AE /* AppDelegate.swift */; };
		C04066DD28E5A68700DCA0AE /* SceneDelegate.swift in Sources */ = {isa = PBXBuildFile; fileRef = C04066DC28E5A68700DCA0AE /* SceneDelegate.swift */; };
		C04066DF28E5A68700DCA0AE /* MainTabBarViewController.swift in Sources */ = {isa = PBXBuildFile; fileRef = C04066DE28E5A68700DCA0AE /* MainTabBarViewController.swift */; };
		C04066E428E5A68800DCA0AE /* Assets.xcassets in Resources */ = {isa = PBXBuildFile; fileRef = C04066E328E5A68800DCA0AE /* Assets.xcassets */; };
		C04066E728E5A68800DCA0AE /* LaunchScreen.storyboard in Resources */ = {isa = PBXBuildFile; fileRef = C04066E528E5A68800DCA0AE /* LaunchScreen.storyboard */; };
		C04066F028E5A8D200DCA0AE /* HomeViewController.swift in Sources */ = {isa = PBXBuildFile; fileRef = C04066EF28E5A8D100DCA0AE /* HomeViewController.swift */; };
		C04066F228E5A8FC00DCA0AE /* UpcomingViewController.swift in Sources */ = {isa = PBXBuildFile; fileRef = C04066F128E5A8FC00DCA0AE /* UpcomingViewController.swift */; };
		C04066F428E5A90B00DCA0AE /* SearchViewController.swift in Sources */ = {isa = PBXBuildFile; fileRef = C04066F328E5A90B00DCA0AE /* SearchViewController.swift */; };
		C04066F628E5A91B00DCA0AE /* DownloadViewController.swift in Sources */ = {isa = PBXBuildFile; fileRef = C04066F528E5A91B00DCA0AE /* DownloadViewController.swift */; };
		C04066FA28E5AF7800DCA0AE /* TypeElias.swift in Sources */ = {isa = PBXBuildFile; fileRef = C04066F928E5AF7800DCA0AE /* TypeElias.swift */; };
		C040670228E5B5EA00DCA0AE /* CollectionViewTableViewCell.swift in Sources */ = {isa = PBXBuildFile; fileRef = C040670028E5B5EA00DCA0AE /* CollectionViewTableViewCell.swift */; };
		C040670328E5B5EA00DCA0AE /* CollectionViewTableViewCell.xib in Resources */ = {isa = PBXBuildFile; fileRef = C040670128E5B5EA00DCA0AE /* CollectionViewTableViewCell.xib */; };
		C040670828E5BB2800DCA0AE /* HomeCollectionViewCell.swift in Sources */ = {isa = PBXBuildFile; fileRef = C040670628E5BB2800DCA0AE /* HomeCollectionViewCell.swift */; };
		C040670928E5BB2800DCA0AE /* HomeCollectionViewCell.xib in Resources */ = {isa = PBXBuildFile; fileRef = C040670728E5BB2800DCA0AE /* HomeCollectionViewCell.xib */; };
		C040670B28E5C2F200DCA0AE /* HeroHeaderUIView.swift in Sources */ = {isa = PBXBuildFile; fileRef = C040670A28E5C2F200DCA0AE /* HeroHeaderUIView.swift */; };
		C0968BBC28F1645F004BD4C3 /* GoogleService-Info.plist in Resources */ = {isa = PBXBuildFile; fileRef = C0968BBB28F1645F004BD4C3 /* GoogleService-Info.plist */; };
		C0A0FF1228E8826500206ABB /* Title.swift in Sources */ = {isa = PBXBuildFile; fileRef = C0A0FF1128E8826500206ABB /* Title.swift */; };
		C0A7BC3028EAD48B0063A096 /* YoutubeSearchResult.swift in Sources */ = {isa = PBXBuildFile; fileRef = C0A7BC2F28EAD48B0063A096 /* YoutubeSearchResult.swift */; };
		C0A7BC3228EAE59B0063A096 /* PreviewViewController.swift in Sources */ = {isa = PBXBuildFile; fileRef = C0A7BC3128EAE59B0063A096 /* PreviewViewController.swift */; };
		C0A7BC3428EAED1A0063A096 /* PreviewViewModel.swift in Sources */ = {isa = PBXBuildFile; fileRef = C0A7BC3328EAED1A0063A096 /* PreviewViewModel.swift */; };
		C0AB247F28E93EE800F6F4C4 /* UpcomingTableViewCell.swift in Sources */ = {isa = PBXBuildFile; fileRef = C0AB247E28E93EE800F6F4C4 /* UpcomingTableViewCell.swift */; };
		C0B937FE28EA0FD300164697 /* TitleViewMode.swift in Sources */ = {isa = PBXBuildFile; fileRef = C0B937FD28EA0FD300164697 /* TitleViewMode.swift */; };
		C0B9380028EA1E2B00164697 /* SearchResultViewController.swift in Sources */ = {isa = PBXBuildFile; fileRef = C0B937FF28EA1E2B00164697 /* SearchResultViewController.swift */; };
		C0BB09DB28F07B9B0055E96F /* PhotoPlayModel.xcdatamodeld in Sources */ = {isa = PBXBuildFile; fileRef = C0BB09D928F07B9B0055E96F /* PhotoPlayModel.xcdatamodeld */; };
		C0BB09DD28F07DC80055E96F /* DataPersisten.swift in Sources */ = {isa = PBXBuildFile; fileRef = C0BB09DC28F07DC80055E96F /* DataPersisten.swift */; };
		C0CFC1CB28E8B35F009F7C4A /* SDWebImage in Frameworks */ = {isa = PBXBuildFile; productRef = C0CFC1CA28E8B35F009F7C4A /* SDWebImage */; };
		C0CFC1CD28E8B35F009F7C4A /* SDWebImageMapKit in Frameworks */ = {isa = PBXBuildFile; productRef = C0CFC1CC28E8B35F009F7C4A /* SDWebImageMapKit */; };
/* End PBXBuildFile section */

/* Begin PBXFileReference section */
		C004D01E28EE3E9E0098D7C8 /* RegisterViewController.swift */ = {isa = PBXFileReference; lastKnownFileType = sourcecode.swift; path = RegisterViewController.swift; sourceTree = "<group>"; };
		C004D01F28EE3E9E0098D7C8 /* RegisterViewController.xib */ = {isa = PBXFileReference; lastKnownFileType = file.xib; path = RegisterViewController.xib; sourceTree = "<group>"; };
		C004D02228EE434D0098D7C8 /* ForgotPasswordViewController.swift */ = {isa = PBXFileReference; lastKnownFileType = sourcecode.swift; path = ForgotPasswordViewController.swift; sourceTree = "<group>"; };
		C004D02328EE434D0098D7C8 /* ForgotPasswordViewController.xib */ = {isa = PBXFileReference; lastKnownFileType = file.xib; path = ForgotPasswordViewController.xib; sourceTree = "<group>"; };
		C004D02A28EE50070098D7C8 /* ProfileViewController.swift */ = {isa = PBXFileReference; lastKnownFileType = sourcecode.swift; path = ProfileViewController.swift; sourceTree = "<group>"; };
		C006DAF528EE368E0046CCC7 /* LoginViewController.swift */ = {isa = PBXFileReference; lastKnownFileType = sourcecode.swift; path = LoginViewController.swift; sourceTree = "<group>"; };
		C006DAF628EE368E0046CCC7 /* LoginViewController.xib */ = {isa = PBXFileReference; lastKnownFileType = file.xib; path = LoginViewController.xib; sourceTree = "<group>"; };
		C01B39D628F1857D005C10C8 /* Extensions.swift */ = {isa = PBXFileReference; lastKnownFileType = sourcecode.swift; path = Extensions.swift; sourceTree = "<group>"; };
		C02ADE3B28F192AE005EF9CF /* Refrence.swift */ = {isa = PBXFileReference; lastKnownFileType = sourcecode.swift; path = Refrence.swift; sourceTree = "<group>"; };
		C02ADE3D28F1933B005EF9CF /* FUser.swift */ = {isa = PBXFileReference; lastKnownFileType = sourcecode.swift; path = FUser.swift; sourceTree = "<group>"; };
		C03167EB28E7597D00CDA12D /* ApiCaller.swift */ = {isa = PBXFileReference; lastKnownFileType = sourcecode.swift; path = ApiCaller.swift; sourceTree = "<group>"; };
		C0348CA128F21B5B0037BABD /* ProfileTableViewCell.swift */ = {isa = PBXFileReference; lastKnownFileType = sourcecode.swift; path = ProfileTableViewCell.swift; sourceTree = "<group>"; };
		C0348CA228F21B5B0037BABD /* ProfileTableViewCell.xib */ = {isa = PBXFileReference; lastKnownFileType = file.xib; path = ProfileTableViewCell.xib; sourceTree = "<group>"; };
		C04066D728E5A68700DCA0AE /* PhotoPlay.app */ = {isa = PBXFileReference; explicitFileType = wrapper.application; includeInIndex = 0; name = PhotoPlay.app; path = "/Volumes/AhmedNagi/Projects/PhotoPlay/build/Debug-iphoneos/PhotoPlay.app"; sourceTree = "<absolute>"; };
		C04066DA28E5A68700DCA0AE /* AppDelegate.swift */ = {isa = PBXFileReference; lastKnownFileType = sourcecode.swift; path = AppDelegate.swift; sourceTree = "<group>"; };
		C04066DC28E5A68700DCA0AE /* SceneDelegate.swift */ = {isa = PBXFileReference; lastKnownFileType = sourcecode.swift; path = SceneDelegate.swift; sourceTree = "<group>"; };
		C04066DE28E5A68700DCA0AE /* MainTabBarViewController.swift */ = {isa = PBXFileReference; lastKnownFileType = sourcecode.swift; path = MainTabBarViewController.swift; sourceTree = "<group>"; };
		C04066E328E5A68800DCA0AE /* Assets.xcassets */ = {isa = PBXFileReference; lastKnownFileType = folder.assetcatalog; path = Assets.xcassets; sourceTree = "<group>"; };
		C04066E628E5A68800DCA0AE /* Base */ = {isa = PBXFileReference; lastKnownFileType = file.storyboard; name = Base; path = Base.lproj/LaunchScreen.storyboard; sourceTree = "<group>"; };
		C04066E828E5A68800DCA0AE /* Info.plist */ = {isa = PBXFileReference; lastKnownFileType = text.plist.xml; path = Info.plist; sourceTree = "<group>"; };
		C04066EF28E5A8D100DCA0AE /* HomeViewController.swift */ = {isa = PBXFileReference; lastKnownFileType = sourcecode.swift; path = HomeViewController.swift; sourceTree = "<group>"; };
		C04066F128E5A8FC00DCA0AE /* UpcomingViewController.swift */ = {isa = PBXFileReference; lastKnownFileType = sourcecode.swift; path = UpcomingViewController.swift; sourceTree = "<group>"; };
		C04066F328E5A90B00DCA0AE /* SearchViewController.swift */ = {isa = PBXFileReference; lastKnownFileType = sourcecode.swift; path = SearchViewController.swift; sourceTree = "<group>"; };
		C04066F528E5A91B00DCA0AE /* DownloadViewController.swift */ = {isa = PBXFileReference; lastKnownFileType = sourcecode.swift; path = DownloadViewController.swift; sourceTree = "<group>"; };
		C04066F928E5AF7800DCA0AE /* TypeElias.swift */ = {isa = PBXFileReference; lastKnownFileType = sourcecode.swift; path = TypeElias.swift; sourceTree = "<group>"; };
		C040670028E5B5EA00DCA0AE /* CollectionViewTableViewCell.swift */ = {isa = PBXFileReference; lastKnownFileType = sourcecode.swift; path = CollectionViewTableViewCell.swift; sourceTree = "<group>"; };
		C040670128E5B5EA00DCA0AE /* CollectionViewTableViewCell.xib */ = {isa = PBXFileReference; lastKnownFileType = file.xib; path = CollectionViewTableViewCell.xib; sourceTree = "<group>"; };
		C040670628E5BB2800DCA0AE /* HomeCollectionViewCell.swift */ = {isa = PBXFileReference; lastKnownFileType = sourcecode.swift; path = HomeCollectionViewCell.swift; sourceTree = "<group>"; };
		C040670728E5BB2800DCA0AE /* HomeCollectionViewCell.xib */ = {isa = PBXFileReference; lastKnownFileType = file.xib; path = HomeCollectionViewCell.xib; sourceTree = "<group>"; };
		C040670A28E5C2F200DCA0AE /* HeroHeaderUIView.swift */ = {isa = PBXFileReference; lastKnownFileType = sourcecode.swift; path = HeroHeaderUIView.swift; sourceTree = "<group>"; };
		C0968BBB28F1645F004BD4C3 /* GoogleService-Info.plist */ = {isa = PBXFileReference; fileEncoding = 4; lastKnownFileType = text.plist.xml; path = "GoogleService-Info.plist"; sourceTree = "<group>"; };
		C0A0FF1128E8826500206ABB /* Title.swift */ = {isa = PBXFileReference; lastKnownFileType = sourcecode.swift; path = Title.swift; sourceTree = "<group>"; };
		C0A7BC2F28EAD48B0063A096 /* YoutubeSearchResult.swift */ = {isa = PBXFileReference; lastKnownFileType = sourcecode.swift; path = YoutubeSearchResult.swift; sourceTree = "<group>"; };
		C0A7BC3128EAE59B0063A096 /* PreviewViewController.swift */ = {isa = PBXFileReference; lastKnownFileType = sourcecode.swift; path = PreviewViewController.swift; sourceTree = "<group>"; };
		C0A7BC3328EAED1A0063A096 /* PreviewViewModel.swift */ = {isa = PBXFileReference; lastKnownFileType = sourcecode.swift; path = PreviewViewModel.swift; sourceTree = "<group>"; };
		C0AB247E28E93EE800F6F4C4 /* UpcomingTableViewCell.swift */ = {isa = PBXFileReference; lastKnownFileType = sourcecode.swift; path = UpcomingTableViewCell.swift; sourceTree = "<group>"; };
		C0B937FD28EA0FD300164697 /* TitleViewMode.swift */ = {isa = PBXFileReference; lastKnownFileType = sourcecode.swift; path = TitleViewMode.swift; sourceTree = "<group>"; };
		C0B937FF28EA1E2B00164697 /* SearchResultViewController.swift */ = {isa = PBXFileReference; lastKnownFileType = sourcecode.swift; path = SearchResultViewController.swift; sourceTree = "<group>"; };
		C0BB09DA28F07B9B0055E96F /* PhotoPlayModel.xcdatamodel */ = {isa = PBXFileReference; lastKnownFileType = wrapper.xcdatamodel; path = PhotoPlayModel.xcdatamodel; sourceTree = "<group>"; };
		C0BB09DC28F07DC80055E96F /* DataPersisten.swift */ = {isa = PBXFileReference; lastKnownFileType = sourcecode.swift; path = DataPersisten.swift; sourceTree = "<group>"; };
/* End PBXFileReference section */

/* Begin PBXFrameworksBuildPhase section */
		C04066D428E5A68700DCA0AE /* Frameworks */ = {
			isa = PBXFrameworksBuildPhase;
			buildActionMask = 2147483647;
			files = (
				C0CFC1CD28E8B35F009F7C4A /* SDWebImageMapKit in Frameworks */,
				C0CFC1CB28E8B35F009F7C4A /* SDWebImage in Frameworks */,
			);
			runOnlyForDeploymentPostprocessing = 0;
		};
/* End PBXFrameworksBuildPhase section */

/* Begin PBXGroup section */
		C004D02628EE46BF0098D7C8 /* Login */ = {
			isa = PBXGroup;
			children = (
				C006DAF528EE368E0046CCC7 /* LoginViewController.swift */,
				C006DAF628EE368E0046CCC7 /* LoginViewController.xib */,
			);
			path = Login;
			sourceTree = "<group>";
		};
		C004D02728EE46D00098D7C8 /* Register */ = {
			isa = PBXGroup;
			children = (
				C004D01E28EE3E9E0098D7C8 /* RegisterViewController.swift */,
				C004D01F28EE3E9E0098D7C8 /* RegisterViewController.xib */,
			);
			path = Register;
			sourceTree = "<group>";
		};
		C004D02828EE46F00098D7C8 /* Forfgot */ = {
			isa = PBXGroup;
			children = (
				C004D02228EE434D0098D7C8 /* ForgotPasswordViewController.swift */,
				C004D02328EE434D0098D7C8 /* ForgotPasswordViewController.xib */,
			);
			path = Forfgot;
			sourceTree = "<group>";
		};
		C004D02928EE4FE60098D7C8 /* Profile */ = {
			isa = PBXGroup;
			children = (
				C004D02A28EE50070098D7C8 /* ProfileViewController.swift */,
				C0348CA128F21B5B0037BABD /* ProfileTableViewCell.swift */,
				C0348CA228F21B5B0037BABD /* ProfileTableViewCell.xib */,
			);
			path = Profile;
			sourceTree = "<group>";
		};
		C006DAF428EE36520046CCC7 /* Auth */ = {
			isa = PBXGroup;
			children = (
				C004D02628EE46BF0098D7C8 /* Login */,
				C004D02728EE46D00098D7C8 /* Register */,
				C004D02828EE46F00098D7C8 /* Forfgot */,
			);
			path = Auth;
			sourceTree = "<group>";
		};
		C03167EA28E7596600CDA12D /* Manager */ = {
			isa = PBXGroup;
			children = (
				C03167EB28E7597D00CDA12D /* ApiCaller.swift */,
				C0BB09DC28F07DC80055E96F /* DataPersisten.swift */,
				C02ADE3B28F192AE005EF9CF /* Refrence.swift */,
			);
			path = Manager;
			sourceTree = "<group>";
		};
		C04066CE28E5A68700DCA0AE = {
			isa = PBXGroup;
			children = (
				C04066D928E5A68700DCA0AE /* PhotoPlay */,
			);
			sourceTree = "<group>";
		};
		C04066D928E5A68700DCA0AE /* PhotoPlay */ = {
			isa = PBXGroup;
			children = (
				C03167EA28E7596600CDA12D /* Manager */,
				C04066FD28E5B14500DCA0AE /* Models */,
				C04066FB28E5B12F00DCA0AE /* Views */,
				C04066FC28E5B13700DCA0AE /* ViewModels */,
				C04066F828E5AF5F00DCA0AE /* Extension */,
				C04066EE28E5A8AD00DCA0AE /* Controllers */,
				C04066F728E5AE1100DCA0AE /* Core */,
				C04066E328E5A68800DCA0AE /* Assets.xcassets */,
				C04066E828E5A68800DCA0AE /* Info.plist */,
				C0968BBB28F1645F004BD4C3 /* GoogleService-Info.plist */,
				C0BB09D928F07B9B0055E96F /* PhotoPlayModel.xcdatamodeld */,
			);
			path = PhotoPlay;
			sourceTree = "<group>";
		};
		C04066EE28E5A8AD00DCA0AE /* Controllers */ = {
			isa = PBXGroup;
			children = (
				C004D02928EE4FE60098D7C8 /* Profile */,
				C006DAF428EE36520046CCC7 /* Auth */,
				C0B9380228EA1E7D00164697 /* General */,
				C0B9380128EA1E4300164697 /* Core */,
			);
			path = Controllers;
			sourceTree = "<group>";
		};
		C04066F728E5AE1100DCA0AE /* Core */ = {
			isa = PBXGroup;
			children = (
				C04066DA28E5A68700DCA0AE /* AppDelegate.swift */,
				C04066DC28E5A68700DCA0AE /* SceneDelegate.swift */,
			);
			path = Core;
			sourceTree = "<group>";
		};
		C04066F828E5AF5F00DCA0AE /* Extension */ = {
			isa = PBXGroup;
			children = (
				C04066F928E5AF7800DCA0AE /* TypeElias.swift */,
				C01B39D628F1857D005C10C8 /* Extensions.swift */,
			);
			path = Extension;
			sourceTree = "<group>";
		};
		C04066FB28E5B12F00DCA0AE /* Views */ = {
			isa = PBXGroup;
			children = (
				C04066E528E5A68800DCA0AE /* LaunchScreen.storyboard */,
				C0AB247D28E93BD000F6F4C4 /* UpcomingTabelCell */,
				C040670528E5BA0300DCA0AE /* HomeCollectionCell */,
				C040670428E5B9D600DCA0AE /* HomeFeedTableCell */,
				C040670A28E5C2F200DCA0AE /* HeroHeaderUIView.swift */,
			);
			path = Views;
			sourceTree = "<group>";
		};
		C04066FC28E5B13700DCA0AE /* ViewModels */ = {
			isa = PBXGroup;
			children = (
				C0B937FD28EA0FD300164697 /* TitleViewMode.swift */,
				C0A7BC3328EAED1A0063A096 /* PreviewViewModel.swift */,
			);
			path = ViewModels;
			sourceTree = "<group>";
		};
		C04066FD28E5B14500DCA0AE /* Models */ = {
			isa = PBXGroup;
			children = (
				C0A0FF1128E8826500206ABB /* Title.swift */,
				C0A7BC2F28EAD48B0063A096 /* YoutubeSearchResult.swift */,
				C02ADE3D28F1933B005EF9CF /* FUser.swift */,
			);
			path = Models;
			sourceTree = "<group>";
		};
		C040670428E5B9D600DCA0AE /* HomeFeedTableCell */ = {
			isa = PBXGroup;
			children = (
				C040670028E5B5EA00DCA0AE /* CollectionViewTableViewCell.swift */,
				C040670128E5B5EA00DCA0AE /* CollectionViewTableViewCell.xib */,
			);
			path = HomeFeedTableCell;
			sourceTree = "<group>";
		};
		C040670528E5BA0300DCA0AE /* HomeCollectionCell */ = {
			isa = PBXGroup;
			children = (
				C040670628E5BB2800DCA0AE /* HomeCollectionViewCell.swift */,
				C040670728E5BB2800DCA0AE /* HomeCollectionViewCell.xib */,
			);
			path = HomeCollectionCell;
			sourceTree = "<group>";
		};
		C0AB247D28E93BD000F6F4C4 /* UpcomingTabelCell */ = {
			isa = PBXGroup;
			children = (
				C0AB247E28E93EE800F6F4C4 /* UpcomingTableViewCell.swift */,
			);
			path = UpcomingTabelCell;
			sourceTree = "<group>";
		};
		C0B9380128EA1E4300164697 /* Core */ = {
			isa = PBXGroup;
			children = (
				C04066EF28E5A8D100DCA0AE /* HomeViewController.swift */,
				C04066F128E5A8FC00DCA0AE /* UpcomingViewController.swift */,
				C04066F328E5A90B00DCA0AE /* SearchViewController.swift */,
				C04066F528E5A91B00DCA0AE /* DownloadViewController.swift */,
				C04066DE28E5A68700DCA0AE /* MainTabBarViewController.swift */,
			);
			path = Core;
			sourceTree = "<group>";
		};
		C0B9380228EA1E7D00164697 /* General */ = {
			isa = PBXGroup;
			children = (
				C0B937FF28EA1E2B00164697 /* SearchResultViewController.swift */,
				C0A7BC3128EAE59B0063A096 /* PreviewViewController.swift */,
			);
			path = General;
			sourceTree = "<group>";
		};
/* End PBXGroup section */

/* Begin PBXNativeTarget section */
		C04066D628E5A68700DCA0AE /* PhotoPlay */ = {
			isa = PBXNativeTarget;
			buildConfigurationList = C04066EB28E5A68800DCA0AE /* Build configuration list for PBXNativeTarget "PhotoPlay" */;
			buildPhases = (
				C04066D328E5A68700DCA0AE /* Sources */,
				C04066D428E5A68700DCA0AE /* Frameworks */,
				C04066D528E5A68700DCA0AE /* Resources */,
			);
			buildRules = (
			);
			dependencies = (
			);
			name = PhotoPlay;
			packageProductDependencies = (
				C0CFC1CA28E8B35F009F7C4A /* SDWebImage */,
				C0CFC1CC28E8B35F009F7C4A /* SDWebImageMapKit */,
			);
			productName = PhotoPlay;
			productReference = C04066D728E5A68700DCA0AE /* PhotoPlay.app */;
			productType = "com.apple.product-type.application";
		};
/* End PBXNativeTarget section */

/* Begin PBXProject section */
		C04066CF28E5A68700DCA0AE /* Project object */ = {
			isa = PBXProject;
			attributes = {
				BuildIndependentTargetsInParallel = 1;
				LastSwiftUpdateCheck = 1320;
				LastUpgradeCheck = 1320;
				TargetAttributes = {
					C04066D628E5A68700DCA0AE = {
						CreatedOnToolsVersion = 13.2.1;
					};
				};
			};
			buildConfigurationList = C04066D228E5A68700DCA0AE /* Build configuration list for PBXProject "PhotoPlay" */;
			compatibilityVersion = "Xcode 13.0";
			developmentRegion = en;
			hasScannedForEncodings = 0;
			knownRegions = (
				en,
				Base,
			);
			mainGroup = C04066CE28E5A68700DCA0AE;
			packageReferences = (
				C0CFC1C928E8B35F009F7C4A /* XCRemoteSwiftPackageReference "SDWebImage" */,
			);
			productRefGroup = C04066CE28E5A68700DCA0AE;
			projectDirPath = "";
			projectRoot = "";
			targets = (
				C04066D628E5A68700DCA0AE /* PhotoPlay */,
			);
		};
/* End PBXProject section */

/* Begin PBXResourcesBuildPhase section */
		C04066D528E5A68700DCA0AE /* Resources */ = {
			isa = PBXResourcesBuildPhase;
			buildActionMask = 2147483647;
			files = (
				C006DAF828EE368E0046CCC7 /* LoginViewController.xib in Resources */,
				C04066E728E5A68800DCA0AE /* LaunchScreen.storyboard in Resources */,
				C0968BBC28F1645F004BD4C3 /* GoogleService-Info.plist in Resources */,
				C004D02528EE434D0098D7C8 /* ForgotPasswordViewController.xib in Resources */,
				C040670328E5B5EA00DCA0AE /* CollectionViewTableViewCell.xib in Resources */,
				C0348CA428F21B5B0037BABD /* ProfileTableViewCell.xib in Resources */,
				C04066E428E5A68800DCA0AE /* Assets.xcassets in Resources */,
				C040670928E5BB2800DCA0AE /* HomeCollectionViewCell.xib in Resources */,
				C004D02128EE3E9E0098D7C8 /* RegisterViewController.xib in Resources */,
			);
			runOnlyForDeploymentPostprocessing = 0;
		};
/* End PBXResourcesBuildPhase section */

/* Begin PBXSourcesBuildPhase section */
		C04066D328E5A68700DCA0AE /* Sources */ = {
			isa = PBXSourcesBuildPhase;
			buildActionMask = 2147483647;
			files = (
				C0A7BC3428EAED1A0063A096 /* PreviewViewModel.swift in Sources */,
				C01B39D728F1857D005C10C8 /* Extensions.swift in Sources */,
				C0BB09DD28F07DC80055E96F /* DataPersisten.swift in Sources */,
				C04066F428E5A90B00DCA0AE /* SearchViewController.swift in Sources */,
				C004D02428EE434D0098D7C8 /* ForgotPasswordViewController.swift in Sources */,
				C0B937FE28EA0FD300164697 /* TitleViewMode.swift in Sources */,
				C04066DF28E5A68700DCA0AE /* MainTabBarViewController.swift in Sources */,
				C04066FA28E5AF7800DCA0AE /* TypeElias.swift in Sources */,
				C0AB247F28E93EE800F6F4C4 /* UpcomingTableViewCell.swift in Sources */,
				C04066DB28E5A68700DCA0AE /* AppDelegate.swift in Sources */,
				C0A7BC3028EAD48B0063A096 /* YoutubeSearchResult.swift in Sources */,
				C006DAF728EE368E0046CCC7 /* LoginViewController.swift in Sources */,
				C004D02028EE3E9E0098D7C8 /* RegisterViewController.swift in Sources */,
				C04066F628E5A91B00DCA0AE /* DownloadViewController.swift in Sources */,
				C040670828E5BB2800DCA0AE /* HomeCollectionViewCell.swift in Sources */,
				C040670228E5B5EA00DCA0AE /* CollectionViewTableViewCell.swift in Sources */,
				C03167EC28E7597D00CDA12D /* ApiCaller.swift in Sources */,
				C004D02C28EE50070098D7C8 /* ProfileViewController.swift in Sources */,
				C02ADE3C28F192AE005EF9CF /* Refrence.swift in Sources */,
				C04066DD28E5A68700DCA0AE /* SceneDelegate.swift in Sources */,
				C040670B28E5C2F200DCA0AE /* HeroHeaderUIView.swift in Sources */,
				C0A0FF1228E8826500206ABB /* Title.swift in Sources */,
				C0348CA328F21B5B0037BABD /* ProfileTableViewCell.swift in Sources */,
				C04066F228E5A8FC00DCA0AE /* UpcomingViewController.swift in Sources */,
				C0BB09DB28F07B9B0055E96F /* PhotoPlayModel.xcdatamodeld in Sources */,
				C02ADE3E28F1933B005EF9CF /* FUser.swift in Sources */,
				C0B9380028EA1E2B00164697 /* SearchResultViewController.swift in Sources */,
				C04066F028E5A8D200DCA0AE /* HomeViewController.swift in Sources */,
				C0A7BC3228EAE59B0063A096 /* PreviewViewController.swift in Sources */,
			);
			runOnlyForDeploymentPostprocessing = 0;
		};
/* End PBXSourcesBuildPhase section */

/* Begin PBXVariantGroup section */
		C04066E528E5A68800DCA0AE /* LaunchScreen.storyboard */ = {
			isa = PBXVariantGroup;
			children = (
				C04066E628E5A68800DCA0AE /* Base */,
			);
			name = LaunchScreen.storyboard;
			sourceTree = "<group>";
		};
/* End PBXVariantGroup section */

/* Begin XCBuildConfiguration section */
		C04066E928E5A68800DCA0AE /* Debug */ = {
			isa = XCBuildConfiguration;
			buildSettings = {
				ALWAYS_SEARCH_USER_PATHS = NO;
				CLANG_ANALYZER_NONNULL = YES;
				CLANG_ANALYZER_NUMBER_OBJECT_CONVERSION = YES_AGGRESSIVE;
				CLANG_CXX_LANGUAGE_STANDARD = "gnu++17";
				CLANG_CXX_LIBRARY = "libc++";
				CLANG_ENABLE_MODULES = YES;
				CLANG_ENABLE_OBJC_ARC = YES;
				CLANG_ENABLE_OBJC_WEAK = YES;
				CLANG_WARN_BLOCK_CAPTURE_AUTORELEASING = YES;
				CLANG_WARN_BOOL_CONVERSION = YES;
				CLANG_WARN_COMMA = YES;
				CLANG_WARN_CONSTANT_CONVERSION = YES;
				CLANG_WARN_DEPRECATED_OBJC_IMPLEMENTATIONS = YES;
				CLANG_WARN_DIRECT_OBJC_ISA_USAGE = YES_ERROR;
				CLANG_WARN_DOCUMENTATION_COMMENTS = YES;
				CLANG_WARN_EMPTY_BODY = YES;
				CLANG_WARN_ENUM_CONVERSION = YES;
				CLANG_WARN_INFINITE_RECURSION = YES;
				CLANG_WARN_INT_CONVERSION = YES;
				CLANG_WARN_NON_LITERAL_NULL_CONVERSION = YES;
				CLANG_WARN_OBJC_IMPLICIT_RETAIN_SELF = YES;
				CLANG_WARN_OBJC_LITERAL_CONVERSION = YES;
				CLANG_WARN_OBJC_ROOT_CLASS = YES_ERROR;
				CLANG_WARN_QUOTED_INCLUDE_IN_FRAMEWORK_HEADER = YES;
				CLANG_WARN_RANGE_LOOP_ANALYSIS = YES;
				CLANG_WARN_STRICT_PROTOTYPES = YES;
				CLANG_WARN_SUSPICIOUS_MOVE = YES;
				CLANG_WARN_UNGUARDED_AVAILABILITY = YES_AGGRESSIVE;
				CLANG_WARN_UNREACHABLE_CODE = YES;
				CLANG_WARN__DUPLICATE_METHOD_MATCH = YES;
				COPY_PHASE_STRIP = NO;
				DEBUG_INFORMATION_FORMAT = dwarf;
				ENABLE_STRICT_OBJC_MSGSEND = YES;
				ENABLE_TESTABILITY = YES;
				GCC_C_LANGUAGE_STANDARD = gnu11;
				GCC_DYNAMIC_NO_PIC = NO;
				GCC_NO_COMMON_BLOCKS = YES;
				GCC_OPTIMIZATION_LEVEL = 0;
				GCC_PREPROCESSOR_DEFINITIONS = (
					"DEBUG=1",
					"$(inherited)",
				);
				GCC_WARN_64_TO_32_BIT_CONVERSION = YES;
				GCC_WARN_ABOUT_RETURN_TYPE = YES_ERROR;
				GCC_WARN_UNDECLARED_SELECTOR = YES;
				GCC_WARN_UNINITIALIZED_AUTOS = YES_AGGRESSIVE;
				GCC_WARN_UNUSED_FUNCTION = YES;
				GCC_WARN_UNUSED_VARIABLE = YES;
				IPHONEOS_DEPLOYMENT_TARGET = 15.2;
				MTL_ENABLE_DEBUG_INFO = INCLUDE_SOURCE;
				MTL_FAST_MATH = YES;
				ONLY_ACTIVE_ARCH = YES;
				SDKROOT = iphoneos;
				SWIFT_ACTIVE_COMPILATION_CONDITIONS = DEBUG;
				SWIFT_OPTIMIZATION_LEVEL = "-Onone";
			};
			name = Debug;
		};
		C04066EA28E5A68800DCA0AE /* Release */ = {
			isa = XCBuildConfiguration;
			buildSettings = {
				ALWAYS_SEARCH_USER_PATHS = NO;
				CLANG_ANALYZER_NONNULL = YES;
				CLANG_ANALYZER_NUMBER_OBJECT_CONVERSION = YES_AGGRESSIVE;
				CLANG_CXX_LANGUAGE_STANDARD = "gnu++17";
				CLANG_CXX_LIBRARY = "libc++";
				CLANG_ENABLE_MODULES = YES;
				CLANG_ENABLE_OBJC_ARC = YES;
				CLANG_ENABLE_OBJC_WEAK = YES;
				CLANG_WARN_BLOCK_CAPTURE_AUTORELEASING = YES;
				CLANG_WARN_BOOL_CONVERSION = YES;
				CLANG_WARN_COMMA = YES;
				CLANG_WARN_CONSTANT_CONVERSION = YES;
				CLANG_WARN_DEPRECATED_OBJC_IMPLEMENTATIONS = YES;
				CLANG_WARN_DIRECT_OBJC_ISA_USAGE = YES_ERROR;
				CLANG_WARN_DOCUMENTATION_COMMENTS = YES;
				CLANG_WARN_EMPTY_BODY = YES;
				CLANG_WARN_ENUM_CONVERSION = YES;
				CLANG_WARN_INFINITE_RECURSION = YES;
				CLANG_WARN_INT_CONVERSION = YES;
				CLANG_WARN_NON_LITERAL_NULL_CONVERSION = YES;
				CLANG_WARN_OBJC_IMPLICIT_RETAIN_SELF = YES;
				CLANG_WARN_OBJC_LITERAL_CONVERSION = YES;
				CLANG_WARN_OBJC_ROOT_CLASS = YES_ERROR;
				CLANG_WARN_QUOTED_INCLUDE_IN_FRAMEWORK_HEADER = YES;
				CLANG_WARN_RANGE_LOOP_ANALYSIS = YES;
				CLANG_WARN_STRICT_PROTOTYPES = YES;
				CLANG_WARN_SUSPICIOUS_MOVE = YES;
				CLANG_WARN_UNGUARDED_AVAILABILITY = YES_AGGRESSIVE;
				CLANG_WARN_UNREACHABLE_CODE = YES;
				CLANG_WARN__DUPLICATE_METHOD_MATCH = YES;
				COPY_PHASE_STRIP = NO;
				DEBUG_INFORMATION_FORMAT = "dwarf-with-dsym";
				ENABLE_NS_ASSERTIONS = NO;
				ENABLE_STRICT_OBJC_MSGSEND = YES;
				GCC_C_LANGUAGE_STANDARD = gnu11;
				GCC_NO_COMMON_BLOCKS = YES;
				GCC_WARN_64_TO_32_BIT_CONVERSION = YES;
				GCC_WARN_ABOUT_RETURN_TYPE = YES_ERROR;
				GCC_WARN_UNDECLARED_SELECTOR = YES;
				GCC_WARN_UNINITIALIZED_AUTOS = YES_AGGRESSIVE;
				GCC_WARN_UNUSED_FUNCTION = YES;
				GCC_WARN_UNUSED_VARIABLE = YES;
				IPHONEOS_DEPLOYMENT_TARGET = 15.2;
				MTL_ENABLE_DEBUG_INFO = NO;
				MTL_FAST_MATH = YES;
				SDKROOT = iphoneos;
				SWIFT_COMPILATION_MODE = wholemodule;
				SWIFT_OPTIMIZATION_LEVEL = "-O";
				VALIDATE_PRODUCT = YES;
			};
			name = Release;
		};
		C04066EC28E5A68800DCA0AE /* Debug */ = {
			isa = XCBuildConfiguration;
			buildSettings = {
				ASSETCATALOG_COMPILER_APPICON_NAME = AppIcon;
				ASSETCATALOG_COMPILER_GLOBAL_ACCENT_COLOR_NAME = AccentColor;
				CODE_SIGN_STYLE = Automatic;
				CURRENT_PROJECT_VERSION = 1;
				DEVELOPMENT_TEAM = PR72Z76973;
				GENERATE_INFOPLIST_FILE = YES;
				INFOPLIST_FILE = PhotoPlay/Info.plist;
				INFOPLIST_KEY_UIApplicationSupportsIndirectInputEvents = YES;
				INFOPLIST_KEY_UILaunchStoryboardName = LaunchScreen;
				INFOPLIST_KEY_UISupportedInterfaceOrientations_iPad = "UIInterfaceOrientationPortrait UIInterfaceOrientationPortraitUpsideDown UIInterfaceOrientationLandscapeLeft UIInterfaceOrientationLandscapeRight";
				INFOPLIST_KEY_UISupportedInterfaceOrientations_iPhone = "UIInterfaceOrientationPortrait UIInterfaceOrientationLandscapeLeft UIInterfaceOrientationLandscapeRight";
				LD_RUNPATH_SEARCH_PATHS = (
					"$(inherited)",
					"@executable_path/Frameworks",
				);
				MARKETING_VERSION = 1.0;
				PRODUCT_BUNDLE_IDENTIFIER = ahmed.com.PhotoPlay;
				PRODUCT_NAME = "$(TARGET_NAME)";
				SWIFT_EMIT_LOC_STRINGS = YES;
				SWIFT_VERSION = 5.0;
				TARGETED_DEVICE_FAMILY = "1,2";
			};
			name = Debug;
		};
		C04066ED28E5A68800DCA0AE /* Release */ = {
			isa = XCBuildConfiguration;
			buildSettings = {
				ASSETCATALOG_COMPILER_APPICON_NAME = AppIcon;
				ASSETCATALOG_COMPILER_GLOBAL_ACCENT_COLOR_NAME = AccentColor;
				CODE_SIGN_STYLE = Automatic;
				CURRENT_PROJECT_VERSION = 1;
				DEVELOPMENT_TEAM = PR72Z76973;
				GENERATE_INFOPLIST_FILE = YES;
				INFOPLIST_FILE = PhotoPlay/Info.plist;
				INFOPLIST_KEY_UIApplicationSupportsIndirectInputEvents = YES;
				INFOPLIST_KEY_UILaunchStoryboardName = LaunchScreen;
				INFOPLIST_KEY_UISupportedInterfaceOrientations_iPad = "UIInterfaceOrientationPortrait UIInterfaceOrientationPortraitUpsideDown UIInterfaceOrientationLandscapeLeft UIInterfaceOrientationLandscapeRight";
				INFOPLIST_KEY_UISupportedInterfaceOrientations_iPhone = "UIInterfaceOrientationPortrait UIInterfaceOrientationLandscapeLeft UIInterfaceOrientationLandscapeRight";
				LD_RUNPATH_SEARCH_PATHS = (
					"$(inherited)",
					"@executable_path/Frameworks",
				);
				MARKETING_VERSION = 1.0;
				PRODUCT_BUNDLE_IDENTIFIER = ahmed.com.PhotoPlay;
				PRODUCT_NAME = "$(TARGET_NAME)";
				SWIFT_EMIT_LOC_STRINGS = YES;
				SWIFT_VERSION = 5.0;
				TARGETED_DEVICE_FAMILY = "1,2";
			};
			name = Release;
		};
/* End XCBuildConfiguration section */

/* Begin XCConfigurationList section */
		C04066D228E5A68700DCA0AE /* Build configuration list for PBXProject "PhotoPlay" */ = {
			isa = XCConfigurationList;
			buildConfigurations = (
				C04066E928E5A68800DCA0AE /* Debug */,
				C04066EA28E5A68800DCA0AE /* Release */,
			);
			defaultConfigurationIsVisible = 0;
			defaultConfigurationName = Release;
		};
		C04066EB28E5A68800DCA0AE /* Build configuration list for PBXNativeTarget "PhotoPlay" */ = {
			isa = XCConfigurationList;
			buildConfigurations = (
				C04066EC28E5A68800DCA0AE /* Debug */,
				C04066ED28E5A68800DCA0AE /* Release */,
			);
			defaultConfigurationIsVisible = 0;
			defaultConfigurationName = Release;
		};
/* End XCConfigurationList section */

/* Begin XCRemoteSwiftPackageReference section */
		C0CFC1C928E8B35F009F7C4A /* XCRemoteSwiftPackageReference "SDWebImage" */ = {
			isa = XCRemoteSwiftPackageReference;
			repositoryURL = "https://github.com/SDWebImage/SDWebImage.git";
			requirement = {
				branch = master;
				kind = branch;
			};
		};
/* End XCRemoteSwiftPackageReference section */

/* Begin XCSwiftPackageProductDependency section */
		C0CFC1CA28E8B35F009F7C4A /* SDWebImage */ = {
			isa = XCSwiftPackageProductDependency;
			package = C0CFC1C928E8B35F009F7C4A /* XCRemoteSwiftPackageReference "SDWebImage" */;
			productName = SDWebImage;
		};
		C0CFC1CC28E8B35F009F7C4A /* SDWebImageMapKit */ = {
			isa = XCSwiftPackageProductDependency;
			package = C0CFC1C928E8B35F009F7C4A /* XCRemoteSwiftPackageReference "SDWebImage" */;
			productName = SDWebImageMapKit;
		};
/* End XCSwiftPackageProductDependency section */

/* Begin XCVersionGroup section */
		C0BB09D928F07B9B0055E96F /* PhotoPlayModel.xcdatamodeld */ = {
			isa = XCVersionGroup;
			children = (
				C0BB09DA28F07B9B0055E96F /* PhotoPlayModel.xcdatamodel */,
			);
			currentVersion = C0BB09DA28F07B9B0055E96F /* PhotoPlayModel.xcdatamodel */;
			path = PhotoPlayModel.xcdatamodeld;
			sourceTree = "<group>";
			versionGroupType = wrapper.xcdatamodel;
		};
/* End XCVersionGroup section */
	};
	rootObject = C04066CF28E5A68700DCA0AE /* Project object */;
}
